
Microsoft Visual Studio Solution File, Format Version 12.00
# Visual Studio Version 16
VisualStudioVersion = 16.0.31424.327
MinimumVisualStudioVersion = 10.0.40219.1
Project("{FAE04EC0-301F-11D3-BF4B-00C04F79EFBC}") = "EntroWebsitee", "EntroWebsitee\EntroWebsitee.csproj", "{01112A01-6902-432C-875A-5F3EC63196BC}"
EndProject
Global
	GlobalSection(SolutionConfigurationPlatforms) = preSolution
		Debug|Any CPU = Debug|Any CPU
		Release|Any CPU = Release|Any CPU
	EndGlobalSection
	GlobalSection(ProjectConfigurationPlatforms) = postSolution
		{01112A01-6902-432C-875A-5F3EC63196BC}.Debug|Any CPU.ActiveCfg = Debug|Any CPU
		{01112A01-6902-432C-875A-5F3EC63196BC}.Debug|Any CPU.Build.0 = Debug|Any CPU
		{01112A01-6902-432C-875A-5F3EC63196BC}.Release|Any CPU.ActiveCfg = Release|Any CPU
		{01112A01-6902-432C-875A-5F3EC63196BC}.Release|Any CPU.Build.0 = Release|Any CPU
	EndGlobalSection
	GlobalSection(SolutionProperties) = preSolution
		HideSolutionNode = FALSE
	EndGlobalSection
	GlobalSection(ExtensibilityGlobals) = postSolution
		SolutionGuid = {E0D84C3E-E031-44B6-B341-A20860B86B08}
	EndGlobalSection
EndGlobal
